
Microsoft Visual Studio Solution File, Format Version 12.00
# Visual Studio Version 16
VisualStudioVersion = 16.0.28922.388
MinimumVisualStudioVersion = 10.0.40219.1
Project("{2150E333-8FDC-42A3-9474-1A3956D46DE8}") = "Libraries", "Libraries", "{C321B696-89AC-4B17-96FE-B0B6B2E91264}"
EndProject
Project("{2150E333-8FDC-42A3-9474-1A3956D46DE8}") = "Presentation", "Presentation", "{C111E7B2-757E-4E9D-92E1-E93B2C8F5B00}"
EndProject
Project("{9A19103F-16F7-4668-BE54-9A1E7A4F7556}") = "Mzg.Web", "Presentation\Mzg.Web\Mzg.Web.csproj", "{E3BE4F54-853D-479B-A093-694A85E29A4B}"
EndProject
Project("{9A19103F-16F7-4668-BE54-9A1E7A4F7556}") = "Mzg.Web.Framework", "Presentation\Mzg.Web.FrameWork\Mzg.Web.Framework.csproj", "{F503A5E5-39CD-434C-995D-6ADDAB49596B}"
EndProject
Project("{9A19103F-16F7-4668-BE54-9A1E7A4F7556}") = "Mzg.Domain", "Libraries\Mzg.Domain\Mzg.Domain.csproj", "{C36140C3-5D30-4332-AD73-6BCE0FC2BCEA}"
EndProject
Project("{9A19103F-16F7-4668-BE54-9A1E7A4F7556}") = "Mzg.Caching", "Libraries\Mzg.Caching\Mzg.Caching.csproj", "{4D2EF0B4-7837-4692-B583-347A4E598E71}"
EndProject
Project("{9A19103F-16F7-4668-BE54-9A1E7A4F7556}") = "Mzg.Identity", "Libraries\Mzg.Identity\Mzg.Identity.csproj", "{5FB09B1B-9FA3-4B2D-8255-970FDDA3F37A}"
EndProject
Project("{9A19103F-16F7-4668-BE54-9A1E7A4F7556}") = "Mzg.Context", "Libraries\Mzg.Context\Mzg.Context.csproj", "{B9A7516B-0D3B-4939-A835-353BF89D44D0}"
EndProject
Project("{2150E333-8FDC-42A3-9474-1A3956D46DE8}") = "Organization", "Organization", "{3F11E6B6-B934-4BD0-B24D-BCEEE3A8F02D}"
EndProject
Project("{9A19103F-16F7-4668-BE54-9A1E7A4F7556}") = "Mzg.Organization", "Libraries\Organization\Mzg.Organization\Mzg.Organization.csproj", "{CB1F3FDF-CB1D-4C88-ADDF-D327B493581C}"
EndProject
Project("{9A19103F-16F7-4668-BE54-9A1E7A4F7556}") = "Mzg.Organization.Domain", "Libraries\Organization\Mzg.Organization.Domain\Mzg.Organization.Domain.csproj", "{2AD13317-A40F-4DA0-A585-F8A183C20D84}"
EndProject
Project("{2150E333-8FDC-42A3-9474-1A3956D46DE8}") = "RibbonButton", "RibbonButton", "{5F2E4FCC-F75B-40B5-B3D7-64E3D4D4CC59}"
EndProject
Project("{9A19103F-16F7-4668-BE54-9A1E7A4F7556}") = "Mzg.RibbonButton", "Libraries\RibbonButton\Mzg.RibbonButton\Mzg.RibbonButton.csproj", "{2A4C0F45-D79F-40FE-A486-60721466DAB1}"
EndProject
Project("{2150E333-8FDC-42A3-9474-1A3956D46DE8}") = "Business", "Business", "{2C017C5F-8B8A-4C70-BCC8-77327D8C712B}"
EndProject
Project("{9A19103F-16F7-4668-BE54-9A1E7A4F7556}") = "Mzg.Business.FormStateRule", "Libraries\Business\Mzg.Business.FormState\Mzg.Business.FormStateRule.csproj", "{35F8A5EB-4FAF-419F-9BBF-2202955FE203}"
EndProject
Project("{2150E333-8FDC-42A3-9474-1A3956D46DE8}") = "File", "File", "{6F116AAB-7E76-46E1-BF8E-0E9F4A11F009}"
EndProject
Project("{9A19103F-16F7-4668-BE54-9A1E7A4F7556}") = "Mzg.File", "Libraries\File\Mzg.File\Mzg.File.csproj", "{1FF70C67-A314-4FF1-9449-6542816BEB4D}"
EndProject
Project("{9A19103F-16F7-4668-BE54-9A1E7A4F7556}") = "Mzg.File.Extensions", "Libraries\File\Mzg.File.Extensions\Mzg.File.Extensions.csproj", "{0BC7AF0A-3590-4C1E-95AA-135CAEBED7AC}"
EndProject
Project("{9A19103F-16F7-4668-BE54-9A1E7A4F7556}") = "Mzg.Business.DataAnalyse", "Libraries\Business\Mzg.Business.DataAnalyse\Mzg.Business.DataAnalyse.csproj", "{C1B0FA32-8C5B-4205-BB15-BE14356FF2D1}"
EndProject
Project("{9A19103F-16F7-4668-BE54-9A1E7A4F7556}") = "Mzg.RibbonButton.Domain", "Libraries\RibbonButton\Mzg.RibbonButton.Domain\Mzg.RibbonButton.Domain.csproj", "{879C9E79-027C-4E56-857C-EA534E66FAE9}"
EndProject
Project("{9A19103F-16F7-4668-BE54-9A1E7A4F7556}") = "Mzg.RibbonButton.Abstractions", "Libraries\RibbonButton\Mzg.RibbonButton.Abstractions\Mzg.RibbonButton.Abstractions.csproj", "{AE9B9CF9-B83D-4AB0-BA1B-BCD2E399F261}"
EndProject
Project("{2150E333-8FDC-42A3-9474-1A3956D46DE8}") = "Plugin", "Plugin", "{40E7ABF0-34A5-4260-B256-010C40B5AD15}"
EndProject
Project("{9A19103F-16F7-4668-BE54-9A1E7A4F7556}") = "Mzg.Plugin", "Libraries\Plugin\Mzg.Plugin\Mzg.Plugin.csproj", "{E342191E-BC3F-48D1-B65F-CFAB781CEB76}"
EndProject
Project("{9A19103F-16F7-4668-BE54-9A1E7A4F7556}") = "Mzg.Plugin.Domain", "Libraries\Plugin\Mzg.Plugin.Domain\Mzg.Plugin.Domain.csproj", "{ABA9FF4A-7CAE-476E-85B4-4BBA389C5892}"
EndProject
Project("{9A19103F-16F7-4668-BE54-9A1E7A4F7556}") = "Mzg.Plugin.Abstractions", "Libraries\Plugin\Mzg.Plugin.Abstractions\Mzg.Plugin.Abstractions.csproj", "{DBE93398-2B9E-4D11-9C58-B24AA3906007}"
EndProject
Project("{2150E333-8FDC-42A3-9474-1A3956D46DE8}") = "Dependency", "Dependency", "{23D14A82-A2CA-4519-A06D-8F9BE4CCED8F}"
EndProject
Project("{9A19103F-16F7-4668-BE54-9A1E7A4F7556}") = "Mzg.Dependency", "Libraries\Dependency\Mzg.Dependency\Mzg.Dependency.csproj", "{4C489A8A-9D1D-46FC-8150-A829BF018979}"
EndProject
Project("{9A19103F-16F7-4668-BE54-9A1E7A4F7556}") = "Mzg.Dependency.Domain", "Libraries\Dependency\Mzg.Dependency.Domain\Mzg.Dependency.Domain.csproj", "{C978E031-41E6-4F27-8CFC-4D1BE9631AFB}"
EndProject
Project("{9A19103F-16F7-4668-BE54-9A1E7A4F7556}") = "Mzg.Dependency.Abstractions", "Libraries\Dependency\Mzg.Dependency.Abstractions\Mzg.Dependency.Abstractions.csproj", "{3176C568-133F-4C0F-A17C-B73D5704846E}"
EndProject
Project("{2150E333-8FDC-42A3-9474-1A3956D46DE8}") = "Logging", "Logging", "{809CE90B-C1A5-4745-A542-7649DB39135F}"
EndProject
Project("{9A19103F-16F7-4668-BE54-9A1E7A4F7556}") = "Mzg.Logging.DataLog", "Libraries\Logging\Mzg.Logging.DataLog\Mzg.Logging.DataLog.csproj", "{8820F7E0-8167-44D5-84A8-4AAD752A3402}"
EndProject
Project("{9A19103F-16F7-4668-BE54-9A1E7A4F7556}") = "Mzg.Logging.Abstractions", "Libraries\Logging\Mzg.Logging.Abstractions\Mzg.Logging.Abstractions.csproj", "{C442024E-EA5A-4035-A3DC-827021455A57}"
EndProject
Project("{9A19103F-16F7-4668-BE54-9A1E7A4F7556}") = "Mzg.Logging.AppLog", "Libraries\Logging\Mzg.Logging.AppLog\Mzg.Logging.AppLog.csproj", "{F04A1660-208C-4BFD-86CA-B046B9E146F7}"
EndProject
Project("{2150E333-8FDC-42A3-9474-1A3956D46DE8}") = "DataCore", "DataCore", "{8E77A474-C202-4AFC-8217-92C59A1379DA}"
EndProject
Project("{9A19103F-16F7-4668-BE54-9A1E7A4F7556}") = "Mzg.Data.Abstractions", "Libraries\DataCore\Mzg.Data.Abstractions\Mzg.Data.Abstractions.csproj", "{F2983791-D6EA-44BE-A8F5-5AA39C67A96C}"
EndProject
Project("{9A19103F-16F7-4668-BE54-9A1E7A4F7556}") = "Mzg.Data", "Libraries\DataCore\Mzg.Data\Mzg.Data.csproj", "{21FAF124-D130-456D-BEF2-83E66932C0CB}"
EndProject
Project("{2150E333-8FDC-42A3-9474-1A3956D46DE8}") = "Module", "Module", "{26303CEE-A822-4278-BA9E-095F1FE71AB6}"
EndProject
Project("{9A19103F-16F7-4668-BE54-9A1E7A4F7556}") = "Mzg.Module.Abstractions", "Libraries\Module\Mzg.Module.Abstractions\Mzg.Module.Abstractions.csproj", "{253BC6E7-A136-4139-8B49-4ADDC0B41D2C}"
EndProject
Project("{9A19103F-16F7-4668-BE54-9A1E7A4F7556}") = "Mzg.Module.Core", "Libraries\Module\Mzg.Module.Core\Mzg.Module.Core.csproj", "{3A32041F-569B-4381-80F7-0B6D9928A890}"
EndProject
Project("{9A19103F-16F7-4668-BE54-9A1E7A4F7556}") = "Mzg.Module", "Libraries\Module\Mzg.Module\Mzg.Module.csproj", "{FD3158A7-C644-44F2-A10B-8540168A70BA}"
EndProject
Project("{2150E333-8FDC-42A3-9474-1A3956D46DE8}") = "Event", "Event", "{14C2AE84-D98B-47D7-A021-62AC6C02493A}"
EndProject
Project("{9A19103F-16F7-4668-BE54-9A1E7A4F7556}") = "Mzg.Event.Abstractions", "Libraries\Event\Mzg.Event.Abstractions\Mzg.Event.Abstractions.csproj", "{14222EB4-308E-4AE1-9135-5A80EA7B8A21}"
EndProject
Project("{9A19103F-16F7-4668-BE54-9A1E7A4F7556}") = "Mzg.Event", "Libraries\Event\Mzg.Event\Mzg.Event.csproj", "{87CBAC79-6146-476E-9F93-5514570A8A37}"
EndProject
Project("{9A19103F-16F7-4668-BE54-9A1E7A4F7556}") = "Mzg.Event.Domain", "Libraries\Event\Mzg.Event.Domain\Mzg.Event.Domain.csproj", "{1F041A89-F047-4555-A4A4-0BC5A152B6DF}"
EndProject
Project("{9A19103F-16F7-4668-BE54-9A1E7A4F7556}") = "Mzg.Event.Data", "Libraries\Event\Mzg.Event.Data\Mzg.Event.Data.csproj", "{3F6E4879-F9FE-4CD0-97BB-857E36E4899F}"
EndProject
Project("{2150E333-8FDC-42A3-9474-1A3956D46DE8}") = "DataMapping", "DataMapping", "{D80933B7-DDDA-4763-BF97-055C6B833A74}"
EndProject
Project("{9A19103F-16F7-4668-BE54-9A1E7A4F7556}") = "Mzg.DataMapping", "Libraries\DataMapping\Mzg.DataMapping\Mzg.DataMapping.csproj", "{99B46AE6-A3DA-4443-8129-ECCB641567B2}"
EndProject
Project("{9A19103F-16F7-4668-BE54-9A1E7A4F7556}") = "Mzg.DataMapping.Abstractions", "Libraries\DataMapping\Mzg.DataMapping.Abstractions\Mzg.DataMapping.Abstractions.csproj", "{7453BC73-3FA2-420D-BFC1-318A6483A5D3}"
EndProject
Project("{9A19103F-16F7-4668-BE54-9A1E7A4F7556}") = "Mzg.DataMapping.Domain", "Libraries\DataMapping\Mzg.DataMapping.Domain\Mzg.DataMapping.Domain.csproj", "{A82727EC-BAF4-4181-B149-EF68E5CAF58F}"
EndProject
Project("{2150E333-8FDC-42A3-9474-1A3956D46DE8}") = "Personalization", "Personalization", "{A8E9E17F-F2C5-48A6-A7DD-D6DA11B85473}"
EndProject
Project("{9A19103F-16F7-4668-BE54-9A1E7A4F7556}") = "Mzg.UserPersonalization", "Libraries\Personalization\Mzg.UserPersonalization\Mzg.UserPersonalization.csproj", "{4925E1CB-6466-4B87-8B11-D3E51F53596B}"
EndProject
Project("{9A19103F-16F7-4668-BE54-9A1E7A4F7556}") = "Mzg.UserPersonalization.Domain", "Libraries\Personalization\Mzg.UserPersonalization.Domain\Mzg.UserPersonalization.Domain.csproj", "{73FBE9B8-4644-4629-A34F-BEEE8537ADE8}"
EndProject
Project("{2150E333-8FDC-42A3-9474-1A3956D46DE8}") = "ServerHostManage", "ServerHostManage", "{4E1E9F1D-2D6C-4B39-B4C6-9E4CDE89187A}"
EndProject
Project("{9A19103F-16F7-4668-BE54-9A1E7A4F7556}") = "Mzg.ServerHostManage", "Libraries\ServerHostManage\Mzg.ServerHostManage\Mzg.ServerHostManage.csproj", "{73EE9EA4-2BCD-4E37-AE60-2F2379D25EF8}"
EndProject
Project("{9A19103F-16F7-4668-BE54-9A1E7A4F7556}") = "Mzg.ServerHostManage.Domain", "Libraries\ServerHostManage\Mzg.ServerHostManage.Domain\Mzg.ServerHostManage.Domain.csproj", "{179293CA-0F51-4CB1-B09D-2FC5594DEABD}"
EndProject
Project("{2150E333-8FDC-42A3-9474-1A3956D46DE8}") = "MultistageDic", "MultistageDic", "{7213FCCE-0B7C-463B-AB83-70534F617401}"
EndProject
Project("{9A19103F-16F7-4668-BE54-9A1E7A4F7556}") = "Mzg.MultisDc", "Libraries\MultistageDic\Mzg.MultisDc\Mzg.MultisDc.csproj", "{88D933BA-E735-4070-9DBE-A28F6454D944}"
	ProjectSection(ProjectDependencies) = postProject
		{345465AE-19CE-4A52-B286-973086468A8B} = {345465AE-19CE-4A52-B286-973086468A8B}
	EndProjectSection
EndProject
Project("{9A19103F-16F7-4668-BE54-9A1E7A4F7556}") = "Mzg.MultisDc.Domain", "Libraries\MultistageDic\Mzg.MultisDc.Domain\Mzg.MultisDc.Domain.csproj", "{58C404C1-BFD1-4E92-89B4-268B048C6D8A}"
EndProject
Project("{9A19103F-16F7-4668-BE54-9A1E7A4F7556}") = "Mzg.MultisDc.Abstractions", "Libraries\MultistageDic\Mzg.MultisDc.Abstractions\Mzg.MultisDc.Abstractions.csproj", "{345465AE-19CE-4A52-B286-973086468A8B}"
EndProject
Global
	GlobalSection(SolutionConfigurationPlatforms) = preSolution
		Debug|Any CPU = Debug|Any CPU
		Release|Any CPU = Release|Any CPU
	EndGlobalSection
	GlobalSection(ProjectConfigurationPlatforms) = postSolution
		{E3BE4F54-853D-479B-A093-694A85E29A4B}.Debug|Any CPU.ActiveCfg = Debug|Any CPU
		{E3BE4F54-853D-479B-A093-694A85E29A4B}.Debug|Any CPU.Build.0 = Debug|Any CPU
		{E3BE4F54-853D-479B-A093-694A85E29A4B}.Release|Any CPU.ActiveCfg = Release|Any CPU
		{E3BE4F54-853D-479B-A093-694A85E29A4B}.Release|Any CPU.Build.0 = Release|Any CPU
		{F503A5E5-39CD-434C-995D-6ADDAB49596B}.Debug|Any CPU.ActiveCfg = Debug|Any CPU
		{F503A5E5-39CD-434C-995D-6ADDAB49596B}.Debug|Any CPU.Build.0 = Debug|Any CPU
		{F503A5E5-39CD-434C-995D-6ADDAB49596B}.Release|Any CPU.ActiveCfg = Release|Any CPU
		{F503A5E5-39CD-434C-995D-6ADDAB49596B}.Release|Any CPU.Build.0 = Release|Any CPU
		{C36140C3-5D30-4332-AD73-6BCE0FC2BCEA}.Debug|Any CPU.ActiveCfg = Debug|Any CPU
		{C36140C3-5D30-4332-AD73-6BCE0FC2BCEA}.Debug|Any CPU.Build.0 = Debug|Any CPU
		{C36140C3-5D30-4332-AD73-6BCE0FC2BCEA}.Release|Any CPU.ActiveCfg = Release|Any CPU
		{C36140C3-5D30-4332-AD73-6BCE0FC2BCEA}.Release|Any CPU.Build.0 = Release|Any CPU
		{4D2EF0B4-7837-4692-B583-347A4E598E71}.Debug|Any CPU.ActiveCfg = Debug|Any CPU
		{4D2EF0B4-7837-4692-B583-347A4E598E71}.Debug|Any CPU.Build.0 = Debug|Any CPU
		{4D2EF0B4-7837-4692-B583-347A4E598E71}.Release|Any CPU.ActiveCfg = Release|Any CPU
		{4D2EF0B4-7837-4692-B583-347A4E598E71}.Release|Any CPU.Build.0 = Release|Any CPU
		{5FB09B1B-9FA3-4B2D-8255-970FDDA3F37A}.Debug|Any CPU.ActiveCfg = Debug|Any CPU
		{5FB09B1B-9FA3-4B2D-8255-970FDDA3F37A}.Debug|Any CPU.Build.0 = Debug|Any CPU
		{5FB09B1B-9FA3-4B2D-8255-970FDDA3F37A}.Release|Any CPU.ActiveCfg = Release|Any CPU
		{5FB09B1B-9FA3-4B2D-8255-970FDDA3F37A}.Release|Any CPU.Build.0 = Release|Any CPU
		{B9A7516B-0D3B-4939-A835-353BF89D44D0}.Debug|Any CPU.ActiveCfg = Debug|Any CPU
		{B9A7516B-0D3B-4939-A835-353BF89D44D0}.Debug|Any CPU.Build.0 = Debug|Any CPU
		{B9A7516B-0D3B-4939-A835-353BF89D44D0}.Release|Any CPU.ActiveCfg = Release|Any CPU
		{B9A7516B-0D3B-4939-A835-353BF89D44D0}.Release|Any CPU.Build.0 = Release|Any CPU
		{CB1F3FDF-CB1D-4C88-ADDF-D327B493581C}.Debug|Any CPU.ActiveCfg = Debug|Any CPU
		{CB1F3FDF-CB1D-4C88-ADDF-D327B493581C}.Debug|Any CPU.Build.0 = Debug|Any CPU
		{CB1F3FDF-CB1D-4C88-ADDF-D327B493581C}.Release|Any CPU.ActiveCfg = Release|Any CPU
		{CB1F3FDF-CB1D-4C88-ADDF-D327B493581C}.Release|Any CPU.Build.0 = Release|Any CPU
		{2AD13317-A40F-4DA0-A585-F8A183C20D84}.Debug|Any CPU.ActiveCfg = Debug|Any CPU
		{2AD13317-A40F-4DA0-A585-F8A183C20D84}.Debug|Any CPU.Build.0 = Debug|Any CPU
		{2AD13317-A40F-4DA0-A585-F8A183C20D84}.Release|Any CPU.ActiveCfg = Release|Any CPU
		{2AD13317-A40F-4DA0-A585-F8A183C20D84}.Release|Any CPU.Build.0 = Release|Any CPU
		{2A4C0F45-D79F-40FE-A486-60721466DAB1}.Debug|Any CPU.ActiveCfg = Debug|Any CPU
		{2A4C0F45-D79F-40FE-A486-60721466DAB1}.Debug|Any CPU.Build.0 = Debug|Any CPU
		{2A4C0F45-D79F-40FE-A486-60721466DAB1}.Release|Any CPU.ActiveCfg = Release|Any CPU
		{2A4C0F45-D79F-40FE-A486-60721466DAB1}.Release|Any CPU.Build.0 = Release|Any CPU
		{35F8A5EB-4FAF-419F-9BBF-2202955FE203}.Debug|Any CPU.ActiveCfg = Debug|Any CPU
		{35F8A5EB-4FAF-419F-9BBF-2202955FE203}.Debug|Any CPU.Build.0 = Debug|Any CPU
		{35F8A5EB-4FAF-419F-9BBF-2202955FE203}.Release|Any CPU.ActiveCfg = Release|Any CPU
		{35F8A5EB-4FAF-419F-9BBF-2202955FE203}.Release|Any CPU.Build.0 = Release|Any CPU
		{1FF70C67-A314-4FF1-9449-6542816BEB4D}.Debug|Any CPU.ActiveCfg = Debug|Any CPU
		{1FF70C67-A314-4FF1-9449-6542816BEB4D}.Debug|Any CPU.Build.0 = Debug|Any CPU
		{1FF70C67-A314-4FF1-9449-6542816BEB4D}.Release|Any CPU.ActiveCfg = Release|Any CPU
		{1FF70C67-A314-4FF1-9449-6542816BEB4D}.Release|Any CPU.Build.0 = Release|Any CPU
		{0BC7AF0A-3590-4C1E-95AA-135CAEBED7AC}.Debug|Any CPU.ActiveCfg = Debug|Any CPU
		{0BC7AF0A-3590-4C1E-95AA-135CAEBED7AC}.Debug|Any CPU.Build.0 = Debug|Any CPU
		{0BC7AF0A-3590-4C1E-95AA-135CAEBED7AC}.Release|Any CPU.ActiveCfg = Release|Any CPU
		{0BC7AF0A-3590-4C1E-95AA-135CAEBED7AC}.Release|Any CPU.Build.0 = Release|Any CPU
		{C1B0FA32-8C5B-4205-BB15-BE14356FF2D1}.Debug|Any CPU.ActiveCfg = Debug|Any CPU
		{C1B0FA32-8C5B-4205-BB15-BE14356FF2D1}.Debug|Any CPU.Build.0 = Debug|Any CPU
		{C1B0FA32-8C5B-4205-BB15-BE14356FF2D1}.Release|Any CPU.ActiveCfg = Release|Any CPU
		{C1B0FA32-8C5B-4205-BB15-BE14356FF2D1}.Release|Any CPU.Build.0 = Release|Any CPU
		{879C9E79-027C-4E56-857C-EA534E66FAE9}.Debug|Any CPU.ActiveCfg = Debug|Any CPU
		{879C9E79-027C-4E56-857C-EA534E66FAE9}.Debug|Any CPU.Build.0 = Debug|Any CPU
		{879C9E79-027C-4E56-857C-EA534E66FAE9}.Release|Any CPU.ActiveCfg = Release|Any CPU
		{879C9E79-027C-4E56-857C-EA534E66FAE9}.Release|Any CPU.Build.0 = Release|Any CPU
		{AE9B9CF9-B83D-4AB0-BA1B-BCD2E399F261}.Debug|Any CPU.ActiveCfg = Debug|Any CPU
		{AE9B9CF9-B83D-4AB0-BA1B-BCD2E399F261}.Debug|Any CPU.Build.0 = Debug|Any CPU
		{AE9B9CF9-B83D-4AB0-BA1B-BCD2E399F261}.Release|Any CPU.ActiveCfg = Release|Any CPU
		{AE9B9CF9-B83D-4AB0-BA1B-BCD2E399F261}.Release|Any CPU.Build.0 = Release|Any CPU
		{E342191E-BC3F-48D1-B65F-CFAB781CEB76}.Debug|Any CPU.ActiveCfg = Debug|Any CPU
		{E342191E-BC3F-48D1-B65F-CFAB781CEB76}.Debug|Any CPU.Build.0 = Debug|Any CPU
		{E342191E-BC3F-48D1-B65F-CFAB781CEB76}.Release|Any CPU.ActiveCfg = Release|Any CPU
		{E342191E-BC3F-48D1-B65F-CFAB781CEB76}.Release|Any CPU.Build.0 = Release|Any CPU
		{ABA9FF4A-7CAE-476E-85B4-4BBA389C5892}.Debug|Any CPU.ActiveCfg = Debug|Any CPU
		{ABA9FF4A-7CAE-476E-85B4-4BBA389C5892}.Debug|Any CPU.Build.0 = Debug|Any CPU
		{ABA9FF4A-7CAE-476E-85B4-4BBA389C5892}.Release|Any CPU.ActiveCfg = Release|Any CPU
		{ABA9FF4A-7CAE-476E-85B4-4BBA389C5892}.Release|Any CPU.Build.0 = Release|Any CPU
		{DBE93398-2B9E-4D11-9C58-B24AA3906007}.Debug|Any CPU.ActiveCfg = Debug|Any CPU
		{DBE93398-2B9E-4D11-9C58-B24AA3906007}.Debug|Any CPU.Build.0 = Debug|Any CPU
		{DBE93398-2B9E-4D11-9C58-B24AA3906007}.Release|Any CPU.ActiveCfg = Release|Any CPU
		{DBE93398-2B9E-4D11-9C58-B24AA3906007}.Release|Any CPU.Build.0 = Release|Any CPU
		{4C489A8A-9D1D-46FC-8150-A829BF018979}.Debug|Any CPU.ActiveCfg = Debug|Any CPU
		{4C489A8A-9D1D-46FC-8150-A829BF018979}.Debug|Any CPU.Build.0 = Debug|Any CPU
		{4C489A8A-9D1D-46FC-8150-A829BF018979}.Release|Any CPU.ActiveCfg = Release|Any CPU
		{4C489A8A-9D1D-46FC-8150-A829BF018979}.Release|Any CPU.Build.0 = Release|Any CPU
		{C978E031-41E6-4F27-8CFC-4D1BE9631AFB}.Debug|Any CPU.ActiveCfg = Debug|Any CPU
		{C978E031-41E6-4F27-8CFC-4D1BE9631AFB}.Debug|Any CPU.Build.0 = Debug|Any CPU
		{C978E031-41E6-4F27-8CFC-4D1BE9631AFB}.Release|Any CPU.ActiveCfg = Release|Any CPU
		{C978E031-41E6-4F27-8CFC-4D1BE9631AFB}.Release|Any CPU.Build.0 = Release|Any CPU
		{3176C568-133F-4C0F-A17C-B73D5704846E}.Debug|Any CPU.ActiveCfg = Debug|Any CPU
		{3176C568-133F-4C0F-A17C-B73D5704846E}.Debug|Any CPU.Build.0 = Debug|Any CPU
		{3176C568-133F-4C0F-A17C-B73D5704846E}.Release|Any CPU.ActiveCfg = Release|Any CPU
		{3176C568-133F-4C0F-A17C-B73D5704846E}.Release|Any CPU.Build.0 = Release|Any CPU
		{8820F7E0-8167-44D5-84A8-4AAD752A3402}.Debug|Any CPU.ActiveCfg = Debug|Any CPU
		{8820F7E0-8167-44D5-84A8-4AAD752A3402}.Debug|Any CPU.Build.0 = Debug|Any CPU
		{8820F7E0-8167-44D5-84A8-4AAD752A3402}.Release|Any CPU.ActiveCfg = Release|Any CPU
		{8820F7E0-8167-44D5-84A8-4AAD752A3402}.Release|Any CPU.Build.0 = Release|Any CPU
		{C442024E-EA5A-4035-A3DC-827021455A57}.Debug|Any CPU.ActiveCfg = Debug|Any CPU
		{C442024E-EA5A-4035-A3DC-827021455A57}.Debug|Any CPU.Build.0 = Debug|Any CPU
		{C442024E-EA5A-4035-A3DC-827021455A57}.Release|Any CPU.ActiveCfg = Release|Any CPU
		{C442024E-EA5A-4035-A3DC-827021455A57}.Release|Any CPU.Build.0 = Release|Any CPU
		{F04A1660-208C-4BFD-86CA-B046B9E146F7}.Debug|Any CPU.ActiveCfg = Debug|Any CPU
		{F04A1660-208C-4BFD-86CA-B046B9E146F7}.Debug|Any CPU.Build.0 = Debug|Any CPU
		{F04A1660-208C-4BFD-86CA-B046B9E146F7}.Release|Any CPU.ActiveCfg = Release|Any CPU
		{F04A1660-208C-4BFD-86CA-B046B9E146F7}.Release|Any CPU.Build.0 = Release|Any CPU
		{F2983791-D6EA-44BE-A8F5-5AA39C67A96C}.Debug|Any CPU.ActiveCfg = Debug|Any CPU
		{F2983791-D6EA-44BE-A8F5-5AA39C67A96C}.Debug|Any CPU.Build.0 = Debug|Any CPU
		{F2983791-D6EA-44BE-A8F5-5AA39C67A96C}.Release|Any CPU.ActiveCfg = Release|Any CPU
		{F2983791-D6EA-44BE-A8F5-5AA39C67A96C}.Release|Any CPU.Build.0 = Release|Any CPU
		{21FAF124-D130-456D-BEF2-83E66932C0CB}.Debug|Any CPU.ActiveCfg = Debug|Any CPU
		{21FAF124-D130-456D-BEF2-83E66932C0CB}.Debug|Any CPU.Build.0 = Debug|Any CPU
		{21FAF124-D130-456D-BEF2-83E66932C0CB}.Release|Any CPU.ActiveCfg = Release|Any CPU
		{21FAF124-D130-456D-BEF2-83E66932C0CB}.Release|Any CPU.Build.0 = Release|Any CPU
		{253BC6E7-A136-4139-8B49-4ADDC0B41D2C}.Debug|Any CPU.ActiveCfg = Debug|Any CPU
		{253BC6E7-A136-4139-8B49-4ADDC0B41D2C}.Debug|Any CPU.Build.0 = Debug|Any CPU
		{253BC6E7-A136-4139-8B49-4ADDC0B41D2C}.Release|Any CPU.ActiveCfg = Release|Any CPU
		{253BC6E7-A136-4139-8B49-4ADDC0B41D2C}.Release|Any CPU.Build.0 = Release|Any CPU
		{3A32041F-569B-4381-80F7-0B6D9928A890}.Debug|Any CPU.ActiveCfg = Debug|Any CPU
		{3A32041F-569B-4381-80F7-0B6D9928A890}.Debug|Any CPU.Build.0 = Debug|Any CPU
		{3A32041F-569B-4381-80F7-0B6D9928A890}.Release|Any CPU.ActiveCfg = Release|Any CPU
		{3A32041F-569B-4381-80F7-0B6D9928A890}.Release|Any CPU.Build.0 = Release|Any CPU
		{FD3158A7-C644-44F2-A10B-8540168A70BA}.Debug|Any CPU.ActiveCfg = Debug|Any CPU
		{FD3158A7-C644-44F2-A10B-8540168A70BA}.Debug|Any CPU.Build.0 = Debug|Any CPU
		{FD3158A7-C644-44F2-A10B-8540168A70BA}.Release|Any CPU.ActiveCfg = Release|Any CPU
		{FD3158A7-C644-44F2-A10B-8540168A70BA}.Release|Any CPU.Build.0 = Release|Any CPU
		{14222EB4-308E-4AE1-9135-5A80EA7B8A21}.Debug|Any CPU.ActiveCfg = Debug|Any CPU
		{14222EB4-308E-4AE1-9135-5A80EA7B8A21}.Debug|Any CPU.Build.0 = Debug|Any CPU
		{14222EB4-308E-4AE1-9135-5A80EA7B8A21}.Release|Any CPU.ActiveCfg = Release|Any CPU
		{14222EB4-308E-4AE1-9135-5A80EA7B8A21}.Release|Any CPU.Build.0 = Release|Any CPU
		{87CBAC79-6146-476E-9F93-5514570A8A37}.Debug|Any CPU.ActiveCfg = Debug|Any CPU
		{87CBAC79-6146-476E-9F93-5514570A8A37}.Debug|Any CPU.Build.0 = Debug|Any CPU
		{87CBAC79-6146-476E-9F93-5514570A8A37}.Release|Any CPU.ActiveCfg = Release|Any CPU
		{87CBAC79-6146-476E-9F93-5514570A8A37}.Release|Any CPU.Build.0 = Release|Any CPU
		{1F041A89-F047-4555-A4A4-0BC5A152B6DF}.Debug|Any CPU.ActiveCfg = Debug|Any CPU
		{1F041A89-F047-4555-A4A4-0BC5A152B6DF}.Debug|Any CPU.Build.0 = Debug|Any CPU
		{1F041A89-F047-4555-A4A4-0BC5A152B6DF}.Release|Any CPU.ActiveCfg = Release|Any CPU
		{1F041A89-F047-4555-A4A4-0BC5A152B6DF}.Release|Any CPU.Build.0 = Release|Any CPU
		{3F6E4879-F9FE-4CD0-97BB-857E36E4899F}.Debug|Any CPU.ActiveCfg = Debug|Any CPU
		{3F6E4879-F9FE-4CD0-97BB-857E36E4899F}.Debug|Any CPU.Build.0 = Debug|Any CPU
		{3F6E4879-F9FE-4CD0-97BB-857E36E4899F}.Release|Any CPU.ActiveCfg = Release|Any CPU
		{3F6E4879-F9FE-4CD0-97BB-857E36E4899F}.Release|Any CPU.Build.0 = Release|Any CPU
		{99B46AE6-A3DA-4443-8129-ECCB641567B2}.Debug|Any CPU.ActiveCfg = Debug|Any CPU
		{99B46AE6-A3DA-4443-8129-ECCB641567B2}.Debug|Any CPU.Build.0 = Debug|Any CPU
		{99B46AE6-A3DA-4443-8129-ECCB641567B2}.Release|Any CPU.ActiveCfg = Release|Any CPU
		{99B46AE6-A3DA-4443-8129-ECCB641567B2}.Release|Any CPU.Build.0 = Release|Any CPU
		{7453BC73-3FA2-420D-BFC1-318A6483A5D3}.Debug|Any CPU.ActiveCfg = Debug|Any CPU
		{7453BC73-3FA2-420D-BFC1-318A6483A5D3}.Debug|Any CPU.Build.0 = Debug|Any CPU
		{7453BC73-3FA2-420D-BFC1-318A6483A5D3}.Release|Any CPU.ActiveCfg = Release|Any CPU
		{7453BC73-3FA2-420D-BFC1-318A6483A5D3}.Release|Any CPU.Build.0 = Release|Any CPU
		{A82727EC-BAF4-4181-B149-EF68E5CAF58F}.Debug|Any CPU.ActiveCfg = Debug|Any CPU
		{A82727EC-BAF4-4181-B149-EF68E5CAF58F}.Debug|Any CPU.Build.0 = Debug|Any CPU
		{A82727EC-BAF4-4181-B149-EF68E5CAF58F}.Release|Any CPU.ActiveCfg = Release|Any CPU
		{A82727EC-BAF4-4181-B149-EF68E5CAF58F}.Release|Any CPU.Build.0 = Release|Any CPU
		{4925E1CB-6466-4B87-8B11-D3E51F53596B}.Debug|Any CPU.ActiveCfg = Debug|Any CPU
		{4925E1CB-6466-4B87-8B11-D3E51F53596B}.Debug|Any CPU.Build.0 = Debug|Any CPU
		{4925E1CB-6466-4B87-8B11-D3E51F53596B}.Release|Any CPU.ActiveCfg = Release|Any CPU
		{4925E1CB-6466-4B87-8B11-D3E51F53596B}.Release|Any CPU.Build.0 = Release|Any CPU
		{73FBE9B8-4644-4629-A34F-BEEE8537ADE8}.Debug|Any CPU.ActiveCfg = Debug|Any CPU
		{73FBE9B8-4644-4629-A34F-BEEE8537ADE8}.Debug|Any CPU.Build.0 = Debug|Any CPU
		{73FBE9B8-4644-4629-A34F-BEEE8537ADE8}.Release|Any CPU.ActiveCfg = Release|Any CPU
		{73FBE9B8-4644-4629-A34F-BEEE8537ADE8}.Release|Any CPU.Build.0 = Release|Any CPU
		{73EE9EA4-2BCD-4E37-AE60-2F2379D25EF8}.Debug|Any CPU.ActiveCfg = Debug|Any CPU
		{73EE9EA4-2BCD-4E37-AE60-2F2379D25EF8}.Debug|Any CPU.Build.0 = Debug|Any CPU
		{73EE9EA4-2BCD-4E37-AE60-2F2379D25EF8}.Release|Any CPU.ActiveCfg = Release|Any CPU
		{73EE9EA4-2BCD-4E37-AE60-2F2379D25EF8}.Release|Any CPU.Build.0 = Release|Any CPU
		{179293CA-0F51-4CB1-B09D-2FC5594DEABD}.Debug|Any CPU.ActiveCfg = Debug|Any CPU
		{179293CA-0F51-4CB1-B09D-2FC5594DEABD}.Debug|Any CPU.Build.0 = Debug|Any CPU
		{179293CA-0F51-4CB1-B09D-2FC5594DEABD}.Release|Any CPU.ActiveCfg = Release|Any CPU
		{179293CA-0F51-4CB1-B09D-2FC5594DEABD}.Release|Any CPU.Build.0 = Release|Any CPU
		{88D933BA-E735-4070-9DBE-A28F6454D944}.Debug|Any CPU.ActiveCfg = Debug|Any CPU
		{88D933BA-E735-4070-9DBE-A28F6454D944}.Debug|Any CPU.Build.0 = Debug|Any CPU
		{88D933BA-E735-4070-9DBE-A28F6454D944}.Release|Any CPU.ActiveCfg = Release|Any CPU
		{88D933BA-E735-4070-9DBE-A28F6454D944}.Release|Any CPU.Build.0 = Release|Any CPU
		{58C404C1-BFD1-4E92-89B4-268B048C6D8A}.Debug|Any CPU.ActiveCfg = Debug|Any CPU
		{58C404C1-BFD1-4E92-89B4-268B048C6D8A}.Debug|Any CPU.Build.0 = Debug|Any CPU
		{58C404C1-BFD1-4E92-89B4-268B048C6D8A}.Release|Any CPU.ActiveCfg = Release|Any CPU
		{58C404C1-BFD1-4E92-89B4-268B048C6D8A}.Release|Any CPU.Build.0 = Release|Any CPU
		{345465AE-19CE-4A52-B286-973086468A8B}.Debug|Any CPU.ActiveCfg = Debug|Any CPU
		{345465AE-19CE-4A52-B286-973086468A8B}.Debug|Any CPU.Build.0 = Debug|Any CPU
		{345465AE-19CE-4A52-B286-973086468A8B}.Release|Any CPU.ActiveCfg = Release|Any CPU
		{345465AE-19CE-4A52-B286-973086468A8B}.Release|Any CPU.Build.0 = Release|Any CPU
	EndGlobalSection
	GlobalSection(SolutionProperties) = preSolution
		HideSolutionNode = FALSE
	EndGlobalSection
	GlobalSection(NestedProjects) = preSolution
		{E3BE4F54-853D-479B-A093-694A85E29A4B} = {C111E7B2-757E-4E9D-92E1-E93B2C8F5B00}
		{F503A5E5-39CD-434C-995D-6ADDAB49596B} = {C111E7B2-757E-4E9D-92E1-E93B2C8F5B00}
		{C36140C3-5D30-4332-AD73-6BCE0FC2BCEA} = {C321B696-89AC-4B17-96FE-B0B6B2E91264}
		{4D2EF0B4-7837-4692-B583-347A4E598E71} = {C321B696-89AC-4B17-96FE-B0B6B2E91264}
		{5FB09B1B-9FA3-4B2D-8255-970FDDA3F37A} = {C321B696-89AC-4B17-96FE-B0B6B2E91264}
		{B9A7516B-0D3B-4939-A835-353BF89D44D0} = {C321B696-89AC-4B17-96FE-B0B6B2E91264}
		{3F11E6B6-B934-4BD0-B24D-BCEEE3A8F02D} = {C321B696-89AC-4B17-96FE-B0B6B2E91264}
		{CB1F3FDF-CB1D-4C88-ADDF-D327B493581C} = {3F11E6B6-B934-4BD0-B24D-BCEEE3A8F02D}
		{2AD13317-A40F-4DA0-A585-F8A183C20D84} = {3F11E6B6-B934-4BD0-B24D-BCEEE3A8F02D}
		{5F2E4FCC-F75B-40B5-B3D7-64E3D4D4CC59} = {C321B696-89AC-4B17-96FE-B0B6B2E91264}
		{2A4C0F45-D79F-40FE-A486-60721466DAB1} = {5F2E4FCC-F75B-40B5-B3D7-64E3D4D4CC59}
		{2C017C5F-8B8A-4C70-BCC8-77327D8C712B} = {C321B696-89AC-4B17-96FE-B0B6B2E91264}
		{35F8A5EB-4FAF-419F-9BBF-2202955FE203} = {2C017C5F-8B8A-4C70-BCC8-77327D8C712B}
		{6F116AAB-7E76-46E1-BF8E-0E9F4A11F009} = {C321B696-89AC-4B17-96FE-B0B6B2E91264}
		{1FF70C67-A314-4FF1-9449-6542816BEB4D} = {6F116AAB-7E76-46E1-BF8E-0E9F4A11F009}
		{0BC7AF0A-3590-4C1E-95AA-135CAEBED7AC} = {6F116AAB-7E76-46E1-BF8E-0E9F4A11F009}
		{C1B0FA32-8C5B-4205-BB15-BE14356FF2D1} = {2C017C5F-8B8A-4C70-BCC8-77327D8C712B}
		{879C9E79-027C-4E56-857C-EA534E66FAE9} = {5F2E4FCC-F75B-40B5-B3D7-64E3D4D4CC59}
		{AE9B9CF9-B83D-4AB0-BA1B-BCD2E399F261} = {5F2E4FCC-F75B-40B5-B3D7-64E3D4D4CC59}
		{40E7ABF0-34A5-4260-B256-010C40B5AD15} = {C321B696-89AC-4B17-96FE-B0B6B2E91264}
		{E342191E-BC3F-48D1-B65F-CFAB781CEB76} = {40E7ABF0-34A5-4260-B256-010C40B5AD15}
		{ABA9FF4A-7CAE-476E-85B4-4BBA389C5892} = {40E7ABF0-34A5-4260-B256-010C40B5AD15}
		{DBE93398-2B9E-4D11-9C58-B24AA3906007} = {40E7ABF0-34A5-4260-B256-010C40B5AD15}
		{23D14A82-A2CA-4519-A06D-8F9BE4CCED8F} = {C321B696-89AC-4B17-96FE-B0B6B2E91264}
		{4C489A8A-9D1D-46FC-8150-A829BF018979} = {23D14A82-A2CA-4519-A06D-8F9BE4CCED8F}
		{C978E031-41E6-4F27-8CFC-4D1BE9631AFB} = {23D14A82-A2CA-4519-A06D-8F9BE4CCED8F}
		{3176C568-133F-4C0F-A17C-B73D5704846E} = {23D14A82-A2CA-4519-A06D-8F9BE4CCED8F}
		{809CE90B-C1A5-4745-A542-7649DB39135F} = {C321B696-89AC-4B17-96FE-B0B6B2E91264}
		{8820F7E0-8167-44D5-84A8-4AAD752A3402} = {809CE90B-C1A5-4745-A542-7649DB39135F}
		{C442024E-EA5A-4035-A3DC-827021455A57} = {809CE90B-C1A5-4745-A542-7649DB39135F}
		{F04A1660-208C-4BFD-86CA-B046B9E146F7} = {809CE90B-C1A5-4745-A542-7649DB39135F}
		{8E77A474-C202-4AFC-8217-92C59A1379DA} = {C321B696-89AC-4B17-96FE-B0B6B2E91264}
		{F2983791-D6EA-44BE-A8F5-5AA39C67A96C} = {8E77A474-C202-4AFC-8217-92C59A1379DA}
		{21FAF124-D130-456D-BEF2-83E66932C0CB} = {8E77A474-C202-4AFC-8217-92C59A1379DA}
		{26303CEE-A822-4278-BA9E-095F1FE71AB6} = {C321B696-89AC-4B17-96FE-B0B6B2E91264}
		{253BC6E7-A136-4139-8B49-4ADDC0B41D2C} = {26303CEE-A822-4278-BA9E-095F1FE71AB6}
		{3A32041F-569B-4381-80F7-0B6D9928A890} = {26303CEE-A822-4278-BA9E-095F1FE71AB6}
		{FD3158A7-C644-44F2-A10B-8540168A70BA} = {26303CEE-A822-4278-BA9E-095F1FE71AB6}
		{14C2AE84-D98B-47D7-A021-62AC6C02493A} = {C321B696-89AC-4B17-96FE-B0B6B2E91264}
		{14222EB4-308E-4AE1-9135-5A80EA7B8A21} = {14C2AE84-D98B-47D7-A021-62AC6C02493A}
		{87CBAC79-6146-476E-9F93-5514570A8A37} = {14C2AE84-D98B-47D7-A021-62AC6C02493A}
		{1F041A89-F047-4555-A4A4-0BC5A152B6DF} = {14C2AE84-D98B-47D7-A021-62AC6C02493A}
		{3F6E4879-F9FE-4CD0-97BB-857E36E4899F} = {14C2AE84-D98B-47D7-A021-62AC6C02493A}
		{D80933B7-DDDA-4763-BF97-055C6B833A74} = {C321B696-89AC-4B17-96FE-B0B6B2E91264}
		{99B46AE6-A3DA-4443-8129-ECCB641567B2} = {D80933B7-DDDA-4763-BF97-055C6B833A74}
		{7453BC73-3FA2-420D-BFC1-318A6483A5D3} = {D80933B7-DDDA-4763-BF97-055C6B833A74}
		{A82727EC-BAF4-4181-B149-EF68E5CAF58F} = {D80933B7-DDDA-4763-BF97-055C6B833A74}
		{A8E9E17F-F2C5-48A6-A7DD-D6DA11B85473} = {C321B696-89AC-4B17-96FE-B0B6B2E91264}
		{4925E1CB-6466-4B87-8B11-D3E51F53596B} = {A8E9E17F-F2C5-48A6-A7DD-D6DA11B85473}
		{73FBE9B8-4644-4629-A34F-BEEE8537ADE8} = {A8E9E17F-F2C5-48A6-A7DD-D6DA11B85473}
		{4E1E9F1D-2D6C-4B39-B4C6-9E4CDE89187A} = {C321B696-89AC-4B17-96FE-B0B6B2E91264}
		{73EE9EA4-2BCD-4E37-AE60-2F2379D25EF8} = {4E1E9F1D-2D6C-4B39-B4C6-9E4CDE89187A}
		{179293CA-0F51-4CB1-B09D-2FC5594DEABD} = {4E1E9F1D-2D6C-4B39-B4C6-9E4CDE89187A}
		{7213FCCE-0B7C-463B-AB83-70534F617401} = {C321B696-89AC-4B17-96FE-B0B6B2E91264}
		{88D933BA-E735-4070-9DBE-A28F6454D944} = {7213FCCE-0B7C-463B-AB83-70534F617401}
		{58C404C1-BFD1-4E92-89B4-268B048C6D8A} = {7213FCCE-0B7C-463B-AB83-70534F617401}
		{345465AE-19CE-4A52-B286-973086468A8B} = {7213FCCE-0B7C-463B-AB83-70534F617401}
	EndGlobalSection
	GlobalSection(ExtensibilityGlobals) = postSolution
		SolutionGuid = {26E7828F-AE0A-48C6-B3BC-A8B27173D77A}
	EndGlobalSection
EndGlobal
